
Microsoft Visual Studio Solution File, Format Version 12.00
# Visual Studio Version 16
VisualStudioVersion = 16.0.30330.147
MinimumVisualStudioVersion = 10.0.40219.1
Project("{8BC9CEB8-8B4A-11D0-8D11-00A0C91BC942}") = "OpenGL", "OpenGL\OpenGL.vcxproj", "{30C2FA28-E64C-4F37-BDD4-AD1A3B3C9DE1}"
EndProject
Global
	GlobalSection(SolutionConfigurationPlatforms) = preSolution
		Debug|x64 = Debug|x64
		Debug|x86 = Debug|x86
		Release|x64 = Release|x64
		Release|x86 = Release|x86
	EndGlobalSection
	GlobalSection(ProjectConfigurationPlatforms) = postSolution
		{30C2FA28-E64C-4F37-BDD4-AD1A3B3C9DE1}.Debug|x64.ActiveCfg = Debug|x64
		{30C2FA28-E64C-4F37-BDD4-AD1A3B3C9DE1}.Debug|x64.Build.0 = Debug|x64
		{30C2FA28-E64C-4F37-BDD4-AD1A3B3C9DE1}.Debug|x86.ActiveCfg = Debug|Win32
		{30C2FA28-E64C-4F37-BDD4-AD1A3B3C9DE1}.Debug|x86.Build.0 = Debug|Win32
		{30C2FA28-E64C-4F37-BDD4-AD1A3B3C9DE1}.Release|x64.ActiveCfg = Release|x64
		{30C2FA28-E64C-4F37-BDD4-AD1A3B3C9DE1}.Release|x64.Build.0 = Release|x64
		{30C2FA28-E64C-4F37-BDD4-AD1A3B3C9DE1}.Release|x86.ActiveCfg = Release|Win32
		{30C2FA28-E64C-4F37-BDD4-AD1A3B3C9DE1}.Release|x86.Build.0 = Release|Win32
	EndGlobalSection
	GlobalSection(SolutionProperties) = preSolution
		HideSolutionNode = FALSE
	EndGlobalSection
	GlobalSection(ExtensibilityGlobals) = postSolution
		SolutionGuid = {983FFE64-1A3E-4CB1-B836-86F873D300BE}
	EndGlobalSection
EndGlobal
